
Microsoft Visual Studio Solution File, Format Version 12.00
# Visual Studio Version 16
VisualStudioVersion = 16.0.31424.327
MinimumVisualStudioVersion = 10.0.40219.1
Project("{F184B08F-C81C-45F6-A57F-5ABD9991F28F}") = "Blocker", "Blocker.vbproj", "{A2F65AD5-E759-4786-BA3E-3D033B65E20E}"
EndProject
Global
	GlobalSection(SolutionConfigurationPlatforms) = preSolution
		Debug|Any CPU = Debug|Any CPU
		Release|Any CPU = Release|Any CPU
	EndGlobalSection
	GlobalSection(ProjectConfigurationPlatforms) = postSolution
		{A2F65AD5-E759-4786-BA3E-3D033B65E20E}.Debug|Any CPU.ActiveCfg = Debug|Any CPU
		{A2F65AD5-E759-4786-BA3E-3D033B65E20E}.Debug|Any CPU.Build.0 = Debug|Any CPU
		{A2F65AD5-E759-4786-BA3E-3D033B65E20E}.Release|Any CPU.ActiveCfg = Release|Any CPU
		{A2F65AD5-E759-4786-BA3E-3D033B65E20E}.Release|Any CPU.Build.0 = Release|Any CPU
	EndGlobalSection
	GlobalSection(SolutionProperties) = preSolution
		HideSolutionNode = FALSE
	EndGlobalSection
	GlobalSection(ExtensibilityGlobals) = postSolution
		SolutionGuid = {081D812D-5938-48AE-B242-CAE01EBC9810}
	EndGlobalSection
EndGlobal
